<?xml version="1.0" encoding="utf-8"?>
<Project ToolsVersion="4.0" xmlns="http://schemas.microsoft.com/developer/msbuild/2003">
  <ItemGroup>
    <Filter Include="源文件">
      <UniqueIdentifier>{4FC737F1-C7A5-4376-A066-2A32D752A2FF}</UniqueIdentifier>
      <Extensions>cpp;c;cc;cxx;def;odl;idl;hpj;bat;asm;asmx</Extensions>
    </Filter>
    <Filter Include="头文件">
      <UniqueIdentifier>{93995380-89BD-4b04-88EB-625FBE52EBFB}</UniqueIdentifier>
      <Extensions>h;hh;hpp;hxx;hm;inl;inc;ipp;xsd</Extensions>
    </Filter>
    <Filter Include="资源文件">
      <UniqueIdentifier>{67DA6AB6-F800-4c08-8B7A-83BB121AAD01}</UniqueIdentifier>
      <Extensions>rc;ico;cur;bmp;dlg;rc2;rct;bin;rgs;gif;jpg;jpeg;jpe;resx;tiff;tif;png;wav;mfcribbon-ms</Extensions>
    </Filter>
    <Filter Include="shader">
      <UniqueIdentifier>{a3d066c7-8417-4711-830e-7561b389e5a1}</UniqueIdentifier>
    </Filter>
    <Filter Include="头文件\Draw">
      <UniqueIdentifier>{d89179bb-da65-47bd-82e4-1bb4ff63eb06}</UniqueIdentifier>
    </Filter>
    <Filter Include="头文件\Bind">
      <UniqueIdentifier>{a3e8c07e-70b3-4a40-8f4a-200e2776196e}</UniqueIdentifier>
    </Filter>
    <Filter Include="源文件\Bind">
      <UniqueIdentifier>{3a78cdd4-d52c-4eec-ad18-d85607ee3d6d}</UniqueIdentifier>
    </Filter>
    <Filter Include="源文件\Draw">
      <UniqueIdentifier>{934d31fc-aee8-42d8-996f-59e41b94437f}</UniqueIdentifier>
    </Filter>
  </ItemGroup>
  <ItemGroup>
    <ClCompile Include="winmian.cpp">
      <Filter>源文件</Filter>
    </ClCompile>
    <ClCompile Include="Window.cpp">
      <Filter>源文件</Filter>
    </ClCompile>
    <ClCompile Include="Graphics.cpp">
      <Filter>源文件</Filter>
    </ClCompile>
    <ClCompile Include="MyException.cpp">
      <Filter>源文件</Filter>
    </ClCompile>
    <ClCompile Include="KeyBoard.cpp">
      <Filter>源文件</Filter>
    </ClCompile>
    <ClCompile Include="Mouse.cpp">
      <Filter>源文件</Filter>
    </ClCompile>
    <ClCompile Include="App.cpp">
      <Filter>源文件</Filter>
    </ClCompile>
    <ClCompile Include="MyTimer.cpp">
      <Filter>源文件</Filter>
    </ClCompile>
    <ClCompile Include="BindBase.cpp">
      <Filter>源文件\Bind</Filter>
    </ClCompile>
    <ClCompile Include="ConstBuffer.cpp">
      <Filter>源文件\Bind</Filter>
    </ClCompile>
    <ClCompile Include="IndexBuffer.cpp">
      <Filter>源文件\Bind</Filter>
    </ClCompile>
    <ClCompile Include="InputLayout.cpp">
      <Filter>源文件\Bind</Filter>
    </ClCompile>
    <ClCompile Include="VertexShader.cpp">
      <Filter>源文件\Bind</Filter>
    </ClCompile>
    <ClCompile Include="PixelShader.cpp">
      <Filter>源文件\Bind</Filter>
    </ClCompile>
    <ClCompile Include="Topology.cpp">
      <Filter>源文件\Bind</Filter>
    </ClCompile>
    <ClCompile Include="DrawBase.cpp">
      <Filter>源文件\Draw</Filter>
    </ClCompile>
    <ClCompile Include="Box.cpp">
      <Filter>源文件\Draw</Filter>
    </ClCompile>
    <ClCompile Include="TransformCbuf.cpp">
      <Filter>源文件\Bind</Filter>
    </ClCompile>
    <ClCompile Include="VerterBuffer.cpp">
      <Filter>源文件\Bind</Filter>
    </ClCompile>
  </ItemGroup>
  <ItemGroup>
    <ClInclude Include="MyWin.h">
      <Filter>头文件</Filter>
    </ClInclude>
    <ClInclude Include="Window.h">
      <Filter>头文件</Filter>
    </ClInclude>
    <ClInclude Include="Graphics.h">
      <Filter>头文件</Filter>
    </ClInclude>
    <ClInclude Include="MyException.h">
      <Filter>头文件</Filter>
    </ClInclude>
    <ClInclude Include="resource.h">
      <Filter>头文件</Filter>
    </ClInclude>
    <ClInclude Include="KeyBoard.h">
      <Filter>头文件</Filter>
    </ClInclude>
    <ClInclude Include="Mouse.h">
      <Filter>头文件</Filter>
    </ClInclude>
    <ClInclude Include="App.h">
      <Filter>头文件</Filter>
    </ClInclude>
    <ClInclude Include="MyTimer.h">
      <Filter>头文件</Filter>
    </ClInclude>
    <ClInclude Include="ConstBuffer.h">
      <Filter>头文件\Bind</Filter>
    </ClInclude>
    <ClInclude Include="BindBase.h">
      <Filter>头文件\Bind</Filter>
    </ClInclude>
    <ClInclude Include="InputLayout.h">
      <Filter>头文件\Bind</Filter>
    </ClInclude>
    <ClInclude Include="VertexShader.h">
      <Filter>头文件\Bind</Filter>
    </ClInclude>
    <ClInclude Include="IndexBuffer.h">
      <Filter>头文件\Bind</Filter>
    </ClInclude>
    <ClInclude Include="PixelShader.h">
      <Filter>头文件\Bind</Filter>
    </ClInclude>
    <ClInclude Include="Topology.h">
      <Filter>头文件\Bind</Filter>
    </ClInclude>
    <ClInclude Include="DrawBase.h">
      <Filter>头文件\Draw</Filter>
    </ClInclude>
    <ClInclude Include="Box.h">
      <Filter>头文件\Draw</Filter>
    </ClInclude>
    <ClInclude Include="TransformCbuf.h">
      <Filter>头文件\Bind</Filter>
    </ClInclude>
    <ClInclude Include="BindAll.h">
      <Filter>头文件\Bind</Filter>
    </ClInclude>
    <ClInclude Include="VertexBuffer.h">
      <Filter>头文件\Bind</Filter>
    </ClInclude>
    <ClInclude Include="DrawAll.h">
      <Filter>头文件\Draw</Filter>
    </ClInclude>
  </ItemGroup>
  <ItemGroup>
    <ResourceCompile Include="wh3d.rc">
      <Filter>资源文件</Filter>
    </ResourceCompile>
  </ItemGroup>
  <ItemGroup>
    <Image Include="icon1.ico">
      <Filter>资源文件</Filter>
    </Image>
  </ItemGroup>
  <ItemGroup>
    <FxCompile Include="VertexShader.hlsl">
      <Filter>shader</Filter>
    </FxCompile>
    <FxCompile Include="PixelShader.hlsl">
      <Filter>shader</Filter>
    </FxCompile>
  </ItemGroup>
</Project>